
Microsoft Visual Studio Solution File, Format Version 12.00
# Visual Studio Version 17
VisualStudioVersion = 17.7.34302.85
MinimumVisualStudioVersion = 10.0.40219.1
Project("{FAE04EC0-301F-11D3-BF4B-00C04F79EFBC}") = "CrmDestopApp", "CrmDestopApp\CrmDestopApp.csproj", "{4A8B2361-C3F4-4754-B1BB-4F3408C14BB3}"
EndProject
Global
	GlobalSection(SolutionConfigurationPlatforms) = preSolution
		Debug|Any CPU = Debug|Any CPU
		Release|Any CPU = Release|Any CPU
	EndGlobalSection
	GlobalSection(ProjectConfigurationPlatforms) = postSolution
		{4A8B2361-C3F4-4754-B1BB-4F3408C14BB3}.Debug|Any CPU.ActiveCfg = Debug|Any CPU
		{4A8B2361-C3F4-4754-B1BB-4F3408C14BB3}.Debug|Any CPU.Build.0 = Debug|Any CPU
		{4A8B2361-C3F4-4754-B1BB-4F3408C14BB3}.Release|Any CPU.ActiveCfg = Release|Any CPU
		{4A8B2361-C3F4-4754-B1BB-4F3408C14BB3}.Release|Any CPU.Build.0 = Release|Any CPU
	EndGlobalSection
	GlobalSection(SolutionProperties) = preSolution
		HideSolutionNode = FALSE
	EndGlobalSection
	GlobalSection(ExtensibilityGlobals) = postSolution
		SolutionGuid = {568CA462-11A7-451D-9E45-7722538954CD}
	EndGlobalSection
EndGlobal
